# THIS IS AN AUTOGENERATED FILE. DO NOT EDIT THIS FILE DIRECTLY.
assets/about-homepage.css:
  development: 2017-10-29T05:00:34-04:00   328d39ecd03e6bad4a1952aa8256efe2
assets/about-page-template.css:
  development: 2017-10-29T04:55:30-04:00   695d3f6fb33f9322a200d3d5a975c009
assets/account-template.css:
  development: 2017-10-20T19:14:28-04:00   5a72b18f356d036824c87e1c271e612e
assets/address.css:
  development: 2017-10-20T19:14:28-04:00   767842425f262362d4803454230f9ee1
assets/apercu-bold-webfont.ttf:
  development: 2017-10-20T19:14:28-04:00   b9a26bc5d555e64e9e32b5e16d498708
assets/apercu-bolditalic-webfont.ttf:
  development: 2017-10-20T19:14:28-04:00   f77148f7ab16c487db93ebbe9efbea4f
assets/apercu-light-webfont.ttf:
  development: 2017-10-20T19:14:29-04:00   5900d411d380eaba9a542438c9c942f3
assets/apercu-medium-webfont.ttf:
  development: 2017-10-20T19:14:29-04:00   abe6b1637ecade3ab68ef12160cff908
assets/apercu-mediumitalic-webfont.ttf:
  development: 2017-10-20T19:14:29-04:00   15d8e1b32e9a90006469e520efc82547
assets/arrow.svg:
  development: 2017-10-20T19:14:29-04:00   dd3b7d69ea8737aa60fe1be5cabe25bf
assets/article-template.css:
  development: 2017-10-29T04:56:06-04:00   127f9cc817ff25aeb10f23ca0567718f
assets/ash-circle-selected.svg:
  development: 2017-10-20T19:14:29-04:00   4ac2bcfa19394898cce96682a6ecd787
assets/ash-circle-test.svg:
  development: 2017-10-20T19:14:29-04:00   8feb83267a883472afcfeada80074cdf
assets/ash-circle.svg:
  development: 2017-10-20T19:14:29-04:00   0da6e34c8209c9939c5dff9f09dc3cfe
assets/blog-homepage.css:
  development: 2017-10-20T19:14:29-04:00   4cc5026b778e912edde78c1bcce9c98e
assets/blog-recent-and-categories-template.css:
  development: 2017-10-29T04:55:59-04:00   5717c99ab169a6ab89bbc5728d792717
assets/blog-template.css:
  development: 2017-10-20T19:14:29-04:00   7746f89118bb1de4a356966ed5757a54
assets/bootstrap.min.css:
  development: 2017-10-20T19:14:30-04:00   ec3bb52a00e176a7181d454dffaea219
assets/bootstrap.min.js:
  development: 2017-10-20T19:14:30-04:00   5869c96cc8f19086aee625d670d741f9
assets/carousel.css:
  development: 2017-10-20T19:14:30-04:00   798a904e9001684b076a04c113a71fde
assets/cart-drawer-template.css:
  development: 2017-10-20T19:14:30-04:00   b05b8f6bd3e39b7b4144b298a38eb04c
assets/cart-homepage.svg:
  development: 2017-10-20T19:14:30-04:00   d1dbb96831001eab0e4c96e7a1f11d50
assets/cart-template.css:
  development: 2017-10-20T19:14:30-04:00   30ef42d522ff01002d1b8d3e45bcced6
assets/cart.min.js:
  development: 2017-10-20T19:14:30-04:00   47fa875e207be7a6dd21ea25851d4a9a
assets/cart.svg:
  development: 2017-10-20T19:14:30-04:00   887db98c4fce5b4b707898dbb7ed1c14
assets/checkout-image-ph.png:
  development: 2017-10-20T19:14:30-04:00   e13809a6424c5f4ac5cae85da417841a
assets/collection-template.css:
  development: 2017-10-20T19:14:31-04:00   4979de6a4db707afe24288f9a3ffd3c6
assets/contact-template.css:
  development: 2017-10-20T19:14:31-04:00   cf1ecbacbe8f242f96ab8a7c5620062c
assets/divider.css:
  development: 2017-10-20T19:14:31-04:00   de9c169a691cfd8a46418d5e7d4c16e8
assets/extra-description-homepage.css:
  development: 2017-10-29T05:04:20-04:00   3a692fac2edde7c1c5c758413d0e912a
assets/faq-template.css:
  development: 2017-10-20T19:14:31-04:00   afd219e347ea934eeb6c878731809954
assets/favicon.png:
  development: 2017-10-20T19:14:31-04:00   a2b9a94a2b740f004da309a7c52c410e
assets/featured-collection-flipped.css:
  development: 2017-10-29T04:58:43-04:00   927601753f05b0e2e4178366e4ea4fbd
assets/featured-collection.css:
  development: 2017-10-29T04:58:13-04:00   329bfaa2804d8fb1e332d9f997774f72
assets/fonts.css.liquid:
  development: 2017-10-20T19:14:31-04:00   1c531b469876b661e2994640aaa1915c
assets/footer.css:
  development: 2017-10-20T19:14:31-04:00   d3828c4cd55faebc05f07461bf9a7665
assets/full-image-homepage.css:
  development: 2017-10-20T19:14:31-04:00   71a3f6f0f7763e679a412e732800c7c9
assets/gift-card.js:
  development: 2017-10-20T19:14:31-04:00   a1d43f6622fa48a0222c69f8760b4aeb
assets/gift-card.scss.liquid:
  development: 2017-10-20T19:14:32-04:00   988e9d38ea6182645170090e4e3c55e6
assets/header-homepage.css:
  development: 2017-10-20T19:14:32-04:00   8893ab803be519859e152aa47abfe985
assets/header-script.js:
  development: 2017-10-20T19:14:32-04:00   1da7423777910457ec6b1a5d849caf8b
assets/header.css:
  development: 2017-10-29T16:35:58-04:00   a88fac4f8b59b356c319f5bac97c5ebd
assets/home-icon-ph.png:
  development: 2017-10-20T19:14:32-04:00   fabbfff95844abb26dddbce8f2585a53
assets/ico-select.svg.liquid:
  development: 2017-10-20T19:14:32-04:00   fb3d8f5b83dfa47b06b28064fbbfc380
assets/jquery.bcSwipe.min.js:
  development: 2017-10-20T19:14:32-04:00   e804e3e9ce59495705fa67aa1c738443
assets/jquery.mobile.custom.min.js:
  development: 2017-10-20T19:14:32-04:00   74ee4c679b03074b55a1da9bbbe29cf5
assets/lazysizes.js:
  development: 2017-10-20T19:14:32-04:00   c96602ecb5ac14b9bf9068cb8907ce65
assets/login-template.css:
  development: 2017-10-20T19:14:32-04:00   10440d5dbfdc90485fd4b2412bbe300d
assets/lookbook-template.css:
  development: 2017-10-29T05:15:10-04:00   e8f89f7942cced9d7900fe04e36b0225
assets/match-media.min.js:
  development: 2017-10-20T19:14:33-04:00   0b7a66a7f4044b1929c883738c80386b
assets/order-template.css:
  development: 2017-10-20T19:14:33-04:00   f208092572cb8777e94e5afa898e0349
assets/oswald-bold-webfont.woff:
  development: 2017-10-20T19:14:33-04:00   dbf202898874bf3a141ab2873e343d7e
assets/oswald-bold-webfont.woff2:
  development: 2017-10-20T19:14:34-04:00   a24732a789f6083dd60f3b9e77bc9373
assets/oswald-extralight-webfont.woff:
  development: 2017-10-20T19:14:34-04:00   2150dc03202652c74a38d74db842ce32
assets/oswald-extralight-webfont.woff2:
  development: 2017-10-20T19:14:34-04:00   a09a6194bab1dde646f9f8702200ad43
assets/oswald-light-webfont.woff:
  development: 2017-10-20T19:14:34-04:00   1059c6f12e8b484a9605c4799f1db399
assets/oswald-light-webfont.woff2:
  development: 2017-10-20T19:14:34-04:00   197bf0634e04aefbffee2c7908090622
assets/oswald-medium-webfont.woff:
  development: 2017-10-20T19:14:34-04:00   85cf289282ffe8f7dc138b32fed1604f
assets/oswald-medium-webfont.woff2:
  development: 2017-10-20T19:14:34-04:00   de90a4334472dbb5fbfb151a1832de1a
assets/oswald-regular-webfont.woff:
  development: 2017-10-20T19:14:34-04:00   f25c648ac36d445a699944449162f1d2
assets/oswald-regular-webfont.woff2:
  development: 2017-10-20T19:14:34-04:00   a13c6d94db5e2605166c8baf80b81527
assets/oswald-semibold-webfont.woff:
  development: 2017-10-20T19:14:34-04:00   91df1c7767b46465442091b581be1244
assets/oswald-semibold-webfont.woff2:
  development: 2017-10-20T19:14:34-04:00   c72ec34dedb90fb37df8bac99943ec17
assets/page.css:
  development: 2017-10-20T19:14:35-04:00   9d4eab2f8a77e962bd70566d16f1e6f9
assets/password.js:
  development: 2017-10-20T19:14:35-04:00   b0c076ff2a8af579b96b2d86d1887522
assets/product-template-variant.css.liquid:
  development: 2017-10-20T19:14:35-04:00   3f68e00a69559a8f814d3e8a895eee3b
assets/product-template.css.liquid:
  development: 2017-10-20T19:14:35-04:00   0f6e1f3f376b3006a53fce765369a0c3
assets/register-template.css:
  development: 2017-10-20T19:14:35-04:00   0fc835fdc2c97a7377c00825205ee60c
assets/rivets-cart.min.js:
  development: 2017-10-20T19:14:35-04:00   3fbc557214bbbf2a10b48c4f0a0649f1
assets/rivets.min.js:
  development: 2017-10-20T19:14:35-04:00   bab0c78dded1ec575e308d8d584a9866
assets/shipping-and-return.css:
  development: 2017-10-20T19:14:35-04:00   63ebbe0a2886dedf84dacfb96c5794a6
assets/sightglass.js:
  development: 2017-10-20T19:14:35-04:00   88141db0ce98d6232c59e77b24747947
assets/terms-and-conditions.css:
  development: 2017-10-20T19:14:36-04:00   745901e0cd2fefd7ce38f4d92cde4efd
assets/theme.js:
  development: 2017-10-20T19:14:36-04:00   22e637556f92ab0e44dc19c6868c352a
assets/theme.scss.liquid:
  development: 2017-10-20T19:14:36-04:00   42bad9f851061324fbd17c82586b1cd1
assets/vendor.js:
  development: 2017-10-20T19:14:36-04:00   cd99e9bb52efe1626bd29e5ab829f790
assets/walnut-circle-selected.svg:
  development: 2017-10-20T19:14:36-04:00   a31b31e7f2b1e151e733ae6a4755604f
assets/walnut-circle.PNG:
  development: 2017-10-20T19:14:36-04:00   d7e702eda1f9c4395022ed704439daed
assets/walnut-circle.svg:
  development: 2017-10-20T19:14:36-04:00   833fad511748eacc57a3ea1a1c604c49
config/settings_data.json:
  development: 2017-10-20T19:14:26-04:00   7eebcee941bcaab483bce94234dc987a
config/settings_schema.json:
  development: 2017-10-20T19:14:36-04:00   3efe4845b1c6ec6ce60eaaba0ebadeba
layout/account-layout.liquid:
  development: 2017-10-20T19:14:37-04:00   d16ebd9e7d51e909ae405b9370198931
layout/no-header-footer.liquid:
  development: 2017-10-20T19:14:37-04:00   04f5e14d0bb12a44fdf8667e587dea73
layout/theme.liquid:
  development: 2017-10-29T15:19:50-04:00   d9de7114144bf5a29e95f404c68ac3f4
locales/de.json:
  development: 2017-10-20T19:14:37-04:00   2c6d11f22c36699a3e2790b06421f09c
locales/en.default.json:
  development: 2017-10-20T19:14:37-04:00   1a91cc89c0153a6dcb1f642838162b7d
locales/es.json:
  development: 2017-10-20T19:14:37-04:00   f8c7cf96510e016abb884375f4286f99
locales/fr.json:
  development: 2017-10-20T19:14:37-04:00   c278dbc126dc27f06f836bc1ba06fc9a
locales/ja.json:
  development: 2017-10-20T19:14:37-04:00   ef4f324645841310d8fea2c1350523ef
locales/pt-BR.json:
  development: 2017-10-20T19:14:37-04:00   83b37d592686871071d048cc12d851af
locales/pt-PT.json:
  development: 2017-10-20T19:14:37-04:00   886dc401e68b213f57ec73598fb17d13
sections/about-homepage.liquid:
  development: 2017-10-20T19:14:22-04:00   127ceff1bb93a5878c3bf72d8082ccbd
sections/about-page-template.liquid:
  development: 2017-10-20T19:14:23-04:00   7986b9946a24f3a3d9cae9d3b88e9f4e
sections/about-page.liquid:
  development: 2017-10-20T19:14:23-04:00   29ff1e48525f5d48bae9e71dc87911df
sections/article-template.liquid:
  development: 2017-10-20T19:14:23-04:00   a9a077ee2330ae7853d0fc1b2a5f3c22
sections/blog-homepage.liquid:
  development: 2017-10-20T19:14:23-04:00   7bd9d0d4a6a54cdd204f249f65409b87
sections/blog-recent-and-categories-template.liquid:
  development: 2017-10-29T14:39:28-04:00   cc8a432c8fee263d7c7a2f9a55515c23
sections/blog-template.liquid:
  development: 2017-10-20T19:14:23-04:00   06febced3e77783a98ccc9522ef723f7
sections/carousel.liquid:
  development: 2017-10-29T15:52:14-04:00   f8b825689045dd081295fb8c1fb2385c
sections/cart-drawer-template.liquid:
  development: 2017-10-20T19:14:23-04:00   5b713fbfd43ebba62a6be108d2c04993
sections/cart-drawer_template_binded.liquid:
  development: 2017-10-20T19:14:23-04:00   5751bdea95ee5fe74dd833ce957801f9
sections/cart-template.liquid:
  development: 2017-10-20T19:14:23-04:00   e0856885e6ba75b3a46b3d85dffd43cd
sections/cartjs-scripts.liquid:
  development: 2017-10-20T19:14:23-04:00   039248c28e8748c707497dc76317199d
sections/collection-template.liquid:
  development: 2017-10-20T19:14:23-04:00   91587fbe1900f85a0649ea6be9f1d384
sections/contact-template.liquid:
  development: 2017-10-20T19:14:23-04:00   2e8185c9cbb29777b81a9f6b5014be94
sections/custom-content.liquid:
  development: 2017-10-20T19:14:23-04:00   d84b96802d72e8afdf95cd5c919bd7e7
sections/divider.liquid:
  development: 2017-10-20T19:14:24-04:00   a0cecb5d08076ee51568a61ee6c84e99
sections/extra-description-homepage.liquid:
  development: 2017-10-20T19:14:24-04:00   e4b054507e87526aaf46f5784a531f11
sections/faq-template.liquid:
  development: 2017-10-20T19:14:24-04:00   d2dbd8d5f6a60d85eea17aac90cf1847
sections/feature-columns.liquid:
  development: 2017-10-20T19:14:24-04:00   1e48baea435228d378c2c1be186cf537
sections/feature-row.liquid:
  development: 2017-10-20T19:14:24-04:00   75ca3bd7f1b3213985a6589cd98d9ab7
sections/featured-blog.liquid:
  development: 2017-10-20T19:14:24-04:00   8e0f5a5a56db29839ccbcb34f0955054
sections/featured-collection-flipped.liquid:
  development: 2017-10-20T19:14:24-04:00   d4132c34ab9a60c3c2466b4609bf46c2
sections/featured-collection.liquid:
  development: 2017-10-20T19:14:24-04:00   b3ab1efd05b6ca395e6b9ff7a1a862fc
sections/featured-product.liquid:
  development: 2017-10-20T19:14:24-04:00   26d27b4c962c805fddea8f8247c754c3
sections/footer.liquid:
  development: 2017-10-20T19:14:24-04:00   dcbdaf8fb6c597c8d1a3dd2326185413
sections/full-image-homepage.liquid:
  development: 2017-10-20T19:14:24-04:00   862d952c4d2fdeb51163da242c75c101
sections/header-dev.liquid:
  development: 2017-10-29T16:36:57-04:00   54a07626576f66ab3deee5a1e28d5454
sections/header-homepage.liquid:
  development: 2017-10-20T19:14:24-04:00   2280967fc6fd11fe02cb18fed21bff01
sections/header-script.liquid:
  development: 2017-10-20T19:14:24-04:00   1da7423777910457ec6b1a5d849caf8b
sections/header.liquid:
  development: 2017-10-20T19:14:24-04:00   2b749e3e7f51db32a37b1473bd3ec5c4
sections/hero.liquid:
  development: 2017-10-20T19:14:25-04:00   d7ce7b9dbaa78bf494562f4c7c9e3856
sections/image-bar.liquid:
  development: 2017-10-20T19:14:25-04:00   e11475f2451449949dbeee454388a7ae
sections/login-template.liquid:
  development: 2017-10-20T19:14:25-04:00   a9c841c25ae01958ae4cc8e72884a72d
sections/logo-bar.liquid:
  development: 2017-10-20T19:14:25-04:00   f4bd55c004e6841318071a362728dd98
sections/lookbook-template.liquid:
  development: 2017-10-20T19:14:25-04:00   caf376f31316d936a46b567f2714d43e
sections/map.liquid:
  development: 2017-10-20T19:14:25-04:00   76d0c910ffe4cb42b77b0808643aba7b
sections/newsletter.liquid:
  development: 2017-10-20T19:14:25-04:00   e30cdb7570030737d07cd6cae03f612d
sections/password-content.liquid:
  development: 2017-10-20T19:14:25-04:00   bc7d8ba5614a1e74b206ed0d4f5753e0
sections/password-footer.liquid:
  development: 2017-10-20T19:14:25-04:00   b90c1312aeac6fa0b3ff3ce8fb549da5
sections/password-header.liquid:
  development: 2017-10-20T19:14:25-04:00   ccc1f51a9ddd61dcda8e8037319c2f87
sections/popout-cart-template.liquid:
  development: 2017-10-20T19:14:25-04:00
sections/product-template-varianticons.liquid:
  development: 2017-10-20T19:14:25-04:00   337354d71749b18bfb4456517c67dd98
sections/product-template.liquid:
  development: 2017-10-20T19:14:25-04:00   5a49d055d38a7906e02e0d168662bda4
sections/quotes.liquid:
  development: 2017-10-20T19:14:25-04:00   df3263eeebad4c2cd54683984280dca7
sections/register-template.liquid:
  development: 2017-10-20T19:14:26-04:00   0c264d913e5b970182f03fc49e13f99d
sections/shipping-and-return.liquid:
  development: 2017-10-20T19:14:26-04:00   88bb04f5988f6289febff13294ea2175
sections/terms-and-conditions.liquid:
  development: 2017-10-20T19:14:26-04:00   2a77f1c1a564b4d20662d21da863ea39
snippets/addthis.liquid:
  development: 2017-10-20T19:14:37-04:00   daad7a5faecf9cffa3a2fe32aadda049
snippets/ajax-cart-template.liquid:
  development: 2017-10-20T19:14:37-04:00   e6fa15367ab47a164d9dc8e47353c684
snippets/ajaxify-cart.liquid:
  development: 2017-10-20T19:14:37-04:00   b906c8439471b442fa3d3d4d7e10ce7b
snippets/bgset.liquid:
  development: 2017-10-20T19:14:38-04:00   ebbf57a1dc8eb7dc1ac6f5aedc0fd92a
snippets/collection-grid-item.liquid:
  development: 2017-10-20T19:14:38-04:00   a899efa4468858127d77857ced505b51
snippets/color-variables.liquid:
  development: 2017-10-20T19:14:38-04:00   2f6e15618aa6e81128513b51f36e8f77
snippets/comment.liquid:
  development: 2017-10-20T19:14:38-04:00   4e38722f39c2be36ed725d327959fa55
snippets/google-fonts.liquid:
  development: 2017-10-20T19:14:38-04:00   52cd48b9a0fd40f4c1c1ecb2692aea21
snippets/icon-amazon_payments.liquid:
  development: 2017-10-20T19:14:38-04:00   f1ad8ba26dd5b98117703ede5357e408
snippets/icon-american_express.liquid:
  development: 2017-10-20T19:14:38-04:00   9da829decce6867b8de60a183c94d099
snippets/icon-apple_pay.liquid:
  development: 2017-10-20T19:14:38-04:00   e82e7acc46479ea2173926f8fad55db0
snippets/icon-arrow-left.liquid:
  development: 2017-10-20T19:14:38-04:00   5abf8c4c69967103f685014dcc88a6e7
snippets/icon-arrow-right.liquid:
  development: 2017-10-20T19:14:38-04:00   45f24673c43655e9275d1ba99d814374
snippets/icon-bitcoin.liquid:
  development: 2017-10-20T19:14:38-04:00   d8cb31e0401818c1cb852348b6f27420
snippets/icon-cart.liquid:
  development: 2017-10-20T19:14:38-04:00   c9de61c7db365e0090f7ca5423b633e6
snippets/icon-chevron-down.liquid:
  development: 2017-10-20T19:14:38-04:00   7d3a8cd08370aa9d2a88ae542446a181
snippets/icon-chevron-left.liquid:
  development: 2017-10-20T19:14:38-04:00   6290d56c32e8ac47abe4a4f4d90ed032
snippets/icon-chevron-right.liquid:
  development: 2017-10-20T19:14:38-04:00   41842e53e7b826a0d260e2ccffbfdab1
snippets/icon-chevron-up.liquid:
  development: 2017-10-20T19:14:38-04:00   4df1e02c8789418fc53d48e2913daf49
snippets/icon-cirrus.liquid:
  development: 2017-10-20T19:14:38-04:00   fcbd6ce7e38d7946c921c8ed6ad5ca71
snippets/icon-close.liquid:
  development: 2017-10-20T19:14:38-04:00   a04fce17a63e760b9bce76768ee29feb
snippets/icon-dankort.liquid:
  development: 2017-10-20T19:14:39-04:00   796e1e822b3e46784d303b48c9db5b29
snippets/icon-diners_club.liquid:
  development: 2017-10-20T19:14:39-04:00   cf70ea54486bb14c286264f90dab9ff8
snippets/icon-discover.liquid:
  development: 2017-10-20T19:14:39-04:00   b43221b39bc3df37f7e6c7810d3e54d8
snippets/icon-dogecoin.liquid:
  development: 2017-10-20T19:14:39-04:00   6a35f5db9eb93d1ed563c6989ff30798
snippets/icon-dwolla.liquid:
  development: 2017-10-20T19:14:39-04:00   aeb86f67aad84adaf7635d2043cb89a9
snippets/icon-facebook.liquid:
  development: 2017-10-20T19:14:39-04:00   334588042b292f2d7335fd2791c35eca
snippets/icon-forbrugsforeningen.liquid:
  development: 2017-10-20T19:14:39-04:00   ff962a94f23046340766c215b0f14a52
snippets/icon-hamburger.liquid:
  development: 2017-10-20T19:14:39-04:00   559577e06ff14924311cfe2642e8b765
snippets/icon-instagram.liquid:
  development: 2017-10-20T19:14:39-04:00   bf50214819f6e2a5f053593e2414526d
snippets/icon-interac.liquid:
  development: 2017-10-20T19:14:39-04:00   24c4d22a98c0574c32fc02fe39e34b80
snippets/icon-jcb.liquid:
  development: 2017-10-20T19:14:39-04:00   275259ce80a1b368d0e5afcf7d6bb6f3
snippets/icon-laser.liquid:
  development: 2017-10-20T19:14:39-04:00   bd1a0ecfe958b6a6e84bf80e0669a6da
snippets/icon-litecoin.liquid:
  development: 2017-10-20T19:14:39-04:00   051dfcb36fa17b532a087b12f0a49e0e
snippets/icon-lock.liquid:
  development: 2017-10-20T19:14:39-04:00   60ae7ba03d14efa582faed8855821a58
snippets/icon-login.liquid:
  development: 2017-10-20T19:14:39-04:00   9a74bdaac402576390ca1dbdc9e7869c
snippets/icon-maestro.liquid:
  development: 2017-10-20T19:14:39-04:00   b987e558ecad607661489939ec8ca524
snippets/icon-master.liquid:
  development: 2017-10-20T19:14:39-04:00   7be93970b63c2fd0e2b319a35c00a9d7
snippets/icon-minus.liquid:
  development: 2017-10-20T19:14:39-04:00   78c513424d498299e865f8a242823ad0
snippets/icon-pause.liquid:
  development: 2017-10-20T19:14:39-04:00   99e785a63af3ab0a7ccd9c5551ea8910
snippets/icon-paypal.liquid:
  development: 2017-10-20T19:14:40-04:00   1b0d7db160b229b8519cccf2514ee676
snippets/icon-pinterest.liquid:
  development: 2017-10-20T19:14:40-04:00   701f2a785b3fa83d63e3ab54af060031
snippets/icon-play-video.liquid:
  development: 2017-10-20T19:14:40-04:00   f0b736a271f33b83b319b2d04e61aa2b
snippets/icon-play.liquid:
  development: 2017-10-20T19:14:40-04:00   31ff2901a9fd0f32ebc4c05748e7aa5d
snippets/icon-plus.liquid:
  development: 2017-10-20T19:14:40-04:00   ba5297f64eb7ea97f1785e8166e11231
snippets/icon-quote.liquid:
  development: 2017-10-20T19:14:40-04:00   e710949f7a142dfc3c4fac15c33bb2fa
snippets/icon-rss.liquid:
  development: 2017-10-20T19:14:40-04:00   6493d6bcb850513a55823d4ff62b0f8b
snippets/icon-search.liquid:
  development: 2017-10-20T19:14:40-04:00   7a6bf8d43770ed3a16cb22001718b87e
snippets/icon-shopify-logo.liquid:
  development: 2017-10-20T19:14:40-04:00   3f0b70f9e01be5b25507d25a732ecde7
snippets/icon-snapchat.liquid:
  development: 2017-10-20T19:14:40-04:00   9ed6937e3232c9034976be2b8ed9f673
snippets/icon-stripe.liquid:
  development: 2017-10-20T19:14:40-04:00   208713954dff9de98f800df59763615d
snippets/icon-tumblr.liquid:
  development: 2017-10-20T19:14:40-04:00   d71a4ada77a8a9b6bd792bdafef393de
snippets/icon-twitter.liquid:
  development: 2017-10-20T19:14:40-04:00   24047c22697a23a0baabf2804adc6c11
snippets/icon-vimeo.liquid:
  development: 2017-10-20T19:14:40-04:00   a229ed8a1a81e6ef95ad621f8a34efb6
snippets/icon-visa.liquid:
  development: 2017-10-20T19:14:40-04:00   9098533cd59e385d2672f6d8b7fa4b04
snippets/icon-youtube.liquid:
  development: 2017-10-20T19:14:40-04:00   9d72c5bc3eaa14a3e7aefd921881b1ae
snippets/image-style.liquid:
  development: 2017-10-20T19:14:40-04:00   f5ca6dfba80b9772d82d673467632f3c
snippets/no-blocks.liquid:
  development: 2017-10-20T19:14:40-04:00   8a329ce11a60bc47f8d3f877279e9a80
snippets/pagination.liquid:
  development: 2017-10-20T19:14:41-04:00   f3106d57affe2f8d0015884a5eabfed3
snippets/product-card-grid.liquid:
  development: 2017-10-20T19:14:41-04:00   cdd83edf42d18deb31075724869811ad
snippets/product-card-list.liquid:
  development: 2017-10-20T19:14:41-04:00   a9018c976893214117c02f04fd2c3f7c
snippets/product-price.liquid:
  development: 2017-10-20T19:14:41-04:00   41d19bc77a984085012480d270bf27f9
snippets/search-form.liquid:
  development: 2017-10-20T19:14:41-04:00   4c81bc53a12358591e4950f186825623
snippets/site-nav.liquid:
  development: 2017-10-20T19:14:41-04:00   dc1d044d3969938c08a3c017a0f590b0
snippets/social-meta-tags.liquid:
  development: 2017-10-20T19:14:41-04:00   a72ccd3d41f54cd16dc13433f75a72fe
snippets/social-sharing.liquid:
  development: 2017-10-20T19:14:41-04:00   a475db08f006e6e44b7dcff2bf302988
templates/404.liquid:
  development: 2017-10-20T19:14:41-04:00   1e0680275b18aa08d5e182cc51f96e1d
templates/article.liquid:
  development: 2017-10-20T19:14:41-04:00   f2d8970d80f929f833c6ac18ab19462e
templates/blog.liquid:
  development: 2017-10-20T19:14:41-04:00   02bd6c5a55d29139ba1933e3ee8b149d
templates/blog.recent-and-categories.liquid:
  development: 2017-10-20T19:14:41-04:00   ffa6964360df603f3326f81d5dcc565d
templates/cart.liquid:
  development: 2017-10-20T19:14:41-04:00   7d7d619dec65755aea0025d9d4898e41
templates/collection.liquid:
  development: 2017-10-20T19:14:41-04:00   327c105743f8a5409bfa769f5f0a20aa
templates/customers/account.liquid:
  development: 2017-10-20T19:14:41-04:00   1fae08d91237fa441bdcba99129951a6
templates/customers/activate_account.liquid:
  development: 2017-10-20T19:14:41-04:00   9b7bb592b6a99682b8e89eacc6886543
templates/customers/addresses.liquid:
  development: 2017-10-20T19:14:41-04:00   2349b0d7edd89a2e83beb895da010a74
templates/customers/login.liquid:
  development: 2017-10-20T19:14:41-04:00   5ed57e7400a4cd4ca0ee19c6ba2df6c8
templates/customers/order.liquid:
  development: 2017-10-20T19:14:41-04:00   259d710bd4836e4267c92ada1e266eef
templates/customers/register.liquid:
  development: 2017-10-20T19:14:41-04:00   b1c6a19edaae2b50b6edbcc064ac9fff
templates/customers/reset_password.liquid:
  development: 2017-10-20T19:14:42-04:00   e21001a2d4ef182b9adc46939cb14e04
templates/gift_card.liquid:
  development: 2017-10-20T19:14:42-04:00   746bbea7dc4e244df4f43a48fccb4bc3
templates/index.liquid:
  development: 2017-10-20T19:14:42-04:00   b1dfac8c369520b2d32269ccaead64a0
templates/list-collections.liquid:
  development: 2017-10-20T19:14:42-04:00   591f0b29e62cb03b2df0139a79b81caa
templates/page.about.liquid:
  development: 2017-10-20T19:14:42-04:00   dad569db4815027de1dbc4eab79d07ef
templates/page.contact.liquid:
  development: 2017-10-20T19:14:42-04:00   dce73fc9c6234a2fa3b5d7084a748903
templates/page.liquid:
  development: 2017-10-20T19:14:42-04:00   85d0707971a448c48c044f7422cf82e5
templates/page.lookbook.liquid:
  development: 2017-10-20T19:14:42-04:00   94ba737095c37818fd41f6636123eba5
templates/password.liquid:
  development: 2017-10-20T19:14:42-04:00   907f683cb6c52199efff0cc7937b3304
templates/product.liquid:
  development: 2017-10-20T19:14:42-04:00   120c880eb3cf4a95d49709c72edace1e
templates/search.liquid:
  development: 2017-10-20T19:14:42-04:00   050d6da53d619b718d39535b7d821f22
