# THIS IS AN AUTOGENERATED FILE. DO NOT EDIT THIS FILE DIRECTLY.
assets/about-homepage.css:
  development: 2017-10-19T00:21:50-04:00   c23a34dbd045d2b748fdf3911d487458
assets/about-page-template.css:
  development: 2017-10-18T22:55:31-04:00   d3af4ce891905fcea38023de2adc003f
assets/account-template.css:
  development: 2017-10-16T19:12:51-04:00   208c3a2efd3daf4fac9a2f8ca4219add
assets/ajax-loader.gif:
  development: 2017-10-10T23:49:42-04:00   deca8b0ecd6974227d157b6d7068995d
assets/apercu-bold-webfont.ttf:
  development: 2017-10-10T23:49:42-04:00   b9a26bc5d555e64e9e32b5e16d498708
assets/apercu-bolditalic-webfont.ttf:
  development: 2017-10-10T23:49:42-04:00   f77148f7ab16c487db93ebbe9efbea4f
assets/apercu-light-webfont.ttf:
  development: 2017-10-10T23:49:42-04:00   5900d411d380eaba9a542438c9c942f3
assets/apercu-medium-webfont.ttf:
  development: 2017-10-10T23:49:42-04:00   abe6b1637ecade3ab68ef12160cff908
assets/apercu-mediumitalic-webfont.ttf:
  development: 2017-10-10T23:49:42-04:00   15d8e1b32e9a90006469e520efc82547
assets/arrow.svg:
  development: 2017-10-13T14:18:00-04:00   dd61b16a3bf42ba603189e943829557a
assets/article-template.css:
  development: 2017-10-18T23:35:32-04:00   67917bb88bc2c2f2f7f4844a7fd2457d
assets/ash-circle-selected.svg:
  development: 2017-10-10T23:49:42-04:00   4ac2bcfa19394898cce96682a6ecd787
assets/ash-circle-test.svg:
  development: 2017-10-10T23:49:42-04:00   020b9f9945678f49a755e3c97775479c
assets/ash-circle.svg:
  development: 2017-10-10T23:49:42-04:00   0da6e34c8209c9939c5dff9f09dc3cfe
assets/blog-homepage.css:
  development: 2017-10-10T23:49:43-04:00   86b05910dff592c763a5cb51cc5d59e3
assets/blog-recent-and-categories-template.css:
  development: 2017-10-19T00:35:22-04:00   1dea0947af8ff3dce364a98663add4f2
assets/blog-template.css:
  development: 2017-10-16T19:12:58-04:00   9d8d07fab1f6f93abf06b603fdc69f2e
assets/bootstrap.min.css:
  development: 2017-10-10T23:49:43-04:00   ec3bb52a00e176a7181d454dffaea219
assets/bootstrap.min.js:
  development: 2017-10-10T23:49:43-04:00   5869c96cc8f19086aee625d670d741f9
assets/carousel.css:
  development: 2017-10-10T23:49:43-04:00   f27efcac735a13999ebc4263ad390fc6
assets/cart-drawer-template.css:
  development: 2017-10-16T20:55:02-04:00   434e058745cdea493e8b581e656788c3
assets/cart-homepage.svg:
  development: 2017-10-16T19:12:56-04:00   b5e3e75028ed9944e9712b933e9bbd57
assets/cart-template.css:
  development: 2017-10-16T19:12:59-04:00   1e2fe8b8bd530014b021fc5f6bc5533a
assets/cart.min.js:
  development: 2017-10-10T23:49:44-04:00   47fa875e207be7a6dd21ea25851d4a9a
assets/cart.svg:
  development: 2017-10-16T19:12:53-04:00   887db98c4fce5b4b707898dbb7ed1c14
assets/collection-template.css:
  development: 2017-10-10T23:49:44-04:00   5ae2a2d533832786d37e05df7893543a
assets/contact-template.css:
  development: 2017-10-16T19:12:59-04:00   5fa7c2f31108c91e238fc1999c387b50
assets/divider.css:
  development: 2017-10-10T23:49:44-04:00   fcdf2c2809f566d555e6e930efd7effe
assets/extra-description-homepage.css:
  development: 2017-10-10T23:49:44-04:00   1d2cf0fadee03656e8d95d4dd324bcfa
assets/faq-template.css:
  development: 2017-10-10T23:49:44-04:00   a9d8a8792245057e3898e87c4ec4e230
assets/featured-collection-flipped.css:
  development: 2017-10-19T00:03:18-04:00   1eb4e5c95e67611ed6cbf904c4d62605
assets/featured-collection.css:
  development: 2017-10-19T00:03:14-04:00   01c3e37220fc1d612425eae7cc532a7c
assets/fonts.css.liquid:
  development: 2017-10-10T23:49:44-04:00   1c531b469876b661e2994640aaa1915c
assets/footer.css:
  development: 2017-10-13T19:00:40-04:00   c895b02425c3bbc00900b776ff449b38
assets/full-image-homepage.css:
  development: 2017-10-18T22:55:32-04:00   06032c1f30bd7c00f5f827b343a49bfb
assets/gift-card.js:
  development: 2017-10-10T23:49:45-04:00   a1d43f6622fa48a0222c69f8760b4aeb
assets/gift-card.scss.liquid:
  development: 2017-10-10T23:49:45-04:00   988e9d38ea6182645170090e4e3c55e6
assets/header-homepage.css:
  development: 2017-10-18T22:55:31-04:00   32bd80bd270f282b346b38d0eaa98478
assets/header-script.js:
  development: 2017-10-18T22:55:32-04:00   6945e3dda4c7fab87c3c22436276e678
assets/header.css:
  development: 2017-10-18T22:55:33-04:00   65c6940fd7c3e66448c82ad38d390744
assets/ico-select.svg.liquid:
  development: 2017-10-10T23:49:46-04:00   fb3d8f5b83dfa47b06b28064fbbfc380
assets/jquery.bcSwipe.min.js:
  development: 2017-10-10T23:49:46-04:00   e804e3e9ce59495705fa67aa1c738443
assets/jquery.mobile.custom.min.js:
  development: 2017-10-10T23:49:46-04:00   74ee4c679b03074b55a1da9bbbe29cf5
assets/lazysizes.js:
  development: 2017-10-10T23:49:46-04:00   c96602ecb5ac14b9bf9068cb8907ce65
assets/login-template.css:
  development: 2017-10-16T19:12:51-04:00   f15e0a031382358160a1b103a511a594
assets/lookbook-template.css:
  development: 2017-10-10T23:49:46-04:00   cec7464eac6ace19e83896d2e42bcbdd
assets/match-media.min.js:
  development: 2017-10-10T23:49:46-04:00   0b7a66a7f4044b1929c883738c80386b
assets/oswald-bold-webfont.woff:
  development: 2017-10-10T23:49:47-04:00   dbf202898874bf3a141ab2873e343d7e
assets/oswald-bold-webfont.woff2:
  development: 2017-10-10T23:49:47-04:00   a24732a789f6083dd60f3b9e77bc9373
assets/oswald-extralight-webfont.woff:
  development: 2017-10-10T23:49:47-04:00   2150dc03202652c74a38d74db842ce32
assets/oswald-extralight-webfont.woff2:
  development: 2017-10-10T23:49:47-04:00   a09a6194bab1dde646f9f8702200ad43
assets/oswald-light-webfont.woff:
  development: 2017-10-10T23:49:47-04:00   1059c6f12e8b484a9605c4799f1db399
assets/oswald-light-webfont.woff2:
  development: 2017-10-10T23:49:47-04:00   197bf0634e04aefbffee2c7908090622
assets/oswald-medium-webfont.woff:
  development: 2017-10-10T23:49:47-04:00   85cf289282ffe8f7dc138b32fed1604f
assets/oswald-medium-webfont.woff2:
  development: 2017-10-10T23:49:47-04:00   de90a4334472dbb5fbfb151a1832de1a
assets/oswald-regular-webfont.woff:
  development: 2017-10-10T23:49:47-04:00   f25c648ac36d445a699944449162f1d2
assets/oswald-regular-webfont.woff2:
  development: 2017-10-10T23:49:48-04:00   a13c6d94db5e2605166c8baf80b81527
assets/oswald-semibold-webfont.woff:
  development: 2017-10-10T23:49:48-04:00   91df1c7767b46465442091b581be1244
assets/oswald-semibold-webfont.woff2:
  development: 2017-10-10T23:49:48-04:00   c72ec34dedb90fb37df8bac99943ec17
assets/page.css:
  development: 2017-10-19T01:13:41-04:00   e42eadef5260308347e901c7ce8f89a4
assets/password.js:
  development: 2017-10-10T23:49:48-04:00   b0c076ff2a8af579b96b2d86d1887522
assets/product-template.css.liquid:
  development: 2017-10-16T21:10:19-04:00   c9d96d785be3655fa92cf5bf264b38e8
assets/register-template.css:
  development: 2017-10-16T19:12:58-04:00   702a912e7a3b06d019cdb664895a56fb
assets/rivets-cart.min.js:
  development: 2017-10-10T23:49:48-04:00   3fbc557214bbbf2a10b48c4f0a0649f1
assets/rivets.min.js:
  development: 2017-10-10T23:49:48-04:00   bab0c78dded1ec575e308d8d584a9866
assets/shipping-and-return.css:
  development: 2017-10-10T23:49:49-04:00   b98ab881610a42278f1f325214b4d5f2
assets/sightglass.js:
  development: 2017-10-10T23:49:49-04:00   72aa43cb386b5f658f40b62a965e66be
assets/terms-and-conditions.css:
  development: 2017-10-10T23:49:49-04:00   b568f491905a4636168bf4a0be1f2d00
assets/theme.js:
  development: 2017-10-10T23:49:49-04:00   22e637556f92ab0e44dc19c6868c352a
assets/theme.scss.liquid:
  development: 2017-10-10T23:49:49-04:00   42bad9f851061324fbd17c82586b1cd1
assets/vendor.js:
  development: 2017-10-10T23:49:49-04:00   cd99e9bb52efe1626bd29e5ab829f790
assets/walnut-circle-selected.svg:
  development: 2017-10-10T23:49:49-04:00   a31b31e7f2b1e151e733ae6a4755604f
assets/walnut-circle.PNG:
  development: 2017-10-10T23:49:50-04:00   d7e702eda1f9c4395022ed704439daed
assets/walnut-circle.svg:
  development: 2017-10-10T23:49:50-04:00   833fad511748eacc57a3ea1a1c604c49
config/settings_data.json:
  development: 2017-10-10T23:49:40-04:00   1cee1af65aaf60ba330b88ce6a7c1e1b
config/settings_schema.json:
  development: 2017-10-10T23:49:50-04:00   3efe4845b1c6ec6ce60eaaba0ebadeba
layout/no-header-footer.liquid:
  development: 2017-10-11T02:22:23-04:00   7b9d1dc6df9b1a62c05abdf6f8d3f344
layout/theme.liquid:
  development: 2017-10-19T00:57:50-04:00   296818efeee756360b6de2e3d6b7f8fc
locales/de.json:
  development: 2017-10-10T23:49:50-04:00   2c6d11f22c36699a3e2790b06421f09c
locales/en.default.json:
  development: 2017-10-10T23:49:50-04:00   1a91cc89c0153a6dcb1f642838162b7d
locales/es.json:
  development: 2017-10-10T23:49:50-04:00   f8c7cf96510e016abb884375f4286f99
locales/fr.json:
  development: 2017-10-10T23:49:50-04:00   c278dbc126dc27f06f836bc1ba06fc9a
locales/ja.json:
  development: 2017-10-10T23:49:50-04:00   ef4f324645841310d8fea2c1350523ef
locales/pt-BR.json:
  development: 2017-10-10T23:49:50-04:00   83b37d592686871071d048cc12d851af
locales/pt-PT.json:
  development: 2017-10-10T23:49:50-04:00   886dc401e68b213f57ec73598fb17d13
sections/about-homepage.liquid:
  development: 2017-10-19T00:26:39-04:00   dfcc8b26d64351e9c656c2e919ede617
sections/about-page-template.liquid:
  development: 2017-10-10T23:49:36-04:00   804d01206863e4ce8b0d49fb5329810c
sections/about-page.liquid:
  development: 2017-10-10T23:49:36-04:00   29ff1e48525f5d48bae9e71dc87911df
sections/article-template.liquid:
  development: 2017-10-18T23:36:44-04:00   d91b58c6272d449f82b7ba60e8a29ceb
sections/blog-homepage.liquid:
  development: 2017-10-18T23:47:18-04:00   18dfd4c5996859bb91cfbf49357cd30a
sections/blog-recent-and-categories-template.liquid:
  development: 2017-10-19T00:32:38-04:00   7e0993a9a09561d511f468548eeeaecf
sections/blog-template.liquid:
  development: 2017-10-10T23:49:37-04:00   814eb54ab9089d15a8bdcd6979989b63
sections/carousel.liquid:
  development: 2017-10-10T23:49:37-04:00   cdee9b80c17719f149682a0c0cd42aed
sections/cart-drawer-template.liquid:
  development: 2017-10-16T20:52:27-04:00   5511505c7928a1839f37c8d743b4eac8
sections/cart-template.liquid:
  development: 2017-10-16T19:12:53-04:00   870ded01aadfe47b1aad7e78e1f18353
sections/cartjs-scripts.liquid:
  development: 2017-10-16T19:18:46-04:00   98a4927195cb29c2dcffa7770dff7e73
sections/collection-template.liquid:
  development: 2017-10-19T00:15:08-04:00   aeb73a531b65de715ac3e7889afcb6c8
sections/contact-template.liquid:
  development: 2017-10-16T19:12:54-04:00   cc6550369abeaf8d3c5d15aadca16a29
sections/custom-content.liquid:
  development: 2017-10-10T23:49:37-04:00   9abed1c1562136145fb81ea24137c7ac
sections/divider.liquid:
  development: 2017-10-10T23:49:37-04:00   7654741324714ec5dd0374c9ec0cfe26
sections/extra-description-homepage.liquid:
  development: 2017-10-10T23:49:37-04:00   2bc23cc7552d63100760ea3ebb70fcb7
sections/faq-template.liquid:
  development: 2017-10-10T23:49:37-04:00   f538bd7edf4883b65d18141bcf48408b
sections/feature-columns.liquid:
  development: 2017-10-10T23:49:37-04:00   1e48baea435228d378c2c1be186cf537
sections/feature-row.liquid:
  development: 2017-10-10T23:49:38-04:00   4a7d3580efd50836d2c3a2b8f945336c
sections/featured-blog.liquid:
  development: 2017-10-10T23:49:38-04:00   8e0f5a5a56db29839ccbcb34f0955054
sections/featured-collection-flipped.liquid:
  development: 2017-10-19T00:01:59-04:00   383e2230319a556109c5a5c56266db4f
sections/featured-collection.liquid:
  development: 2017-10-19T00:22:11-04:00   90114124918886f0a8e65672ee6a9dfb
sections/featured-product.liquid:
  development: 2017-10-10T23:49:38-04:00   26d27b4c962c805fddea8f8247c754c3
sections/footer.liquid:
  development: 2017-10-16T21:24:13-04:00   444a218bcd1c701605d951e41b16f713
sections/full-image-homepage.liquid:
  development: 2017-10-18T22:55:34-04:00   af86ae0bf7f246df559f17ea00a07f78
sections/header-dev.liquid:
  development: 2017-10-10T23:49:38-04:00   14c563dc712a5b8daac443d59a9eb954
sections/header-homepage.liquid:
  development: 2017-10-18T22:55:35-04:00   fce9c41bba2d990797375d498938eeef
sections/header-script.liquid:
  development: 2017-10-18T22:55:35-04:00   6945e3dda4c7fab87c3c22436276e678
sections/header.liquid:
  development: 2017-10-18T22:55:36-04:00   ef8d779cca1c0a5a8b4a5e64134d119d
sections/hero.liquid:
  development: 2017-10-10T23:49:38-04:00   d7ce7b9dbaa78bf494562f4c7c9e3856
sections/image-bar.liquid:
  development: 2017-10-10T23:49:38-04:00   e11475f2451449949dbeee454388a7ae
sections/login-template.liquid:
  development: 2017-10-16T19:12:57-04:00   2292e72dcb0e5764ff8422e89eb8758d
sections/logo-bar.liquid:
  development: 2017-10-10T23:49:38-04:00   f4bd55c004e6841318071a362728dd98
sections/lookbook-template.liquid:
  development: 2017-10-10T23:49:39-04:00   de53a34134323ade64d5d55dbbe18f63
sections/map.liquid:
  development: 2017-10-10T23:49:39-04:00   76d0c910ffe4cb42b77b0808643aba7b
sections/newsletter.liquid:
  development: 2017-10-10T23:49:39-04:00   e30cdb7570030737d07cd6cae03f612d
sections/password-content.liquid:
  development: 2017-10-10T23:49:39-04:00   bc7d8ba5614a1e74b206ed0d4f5753e0
sections/password-footer.liquid:
  development: 2017-10-10T23:49:39-04:00   b90c1312aeac6fa0b3ff3ce8fb549da5
sections/password-header.liquid:
  development: 2017-10-10T23:49:39-04:00   ccc1f51a9ddd61dcda8e8037319c2f87
sections/popout-cart-template.liquid:
  development: 2017-10-10T23:49:39-04:00
sections/product-template.liquid:
  development: 2017-10-18T22:55:36-04:00   24487dcdf1e0a4e7755bc2d0ae768fc2
sections/quotes.liquid:
  development: 2017-10-10T23:49:39-04:00   df3263eeebad4c2cd54683984280dca7
sections/register-template.liquid:
  development: 2017-10-10T23:49:39-04:00   cfb08f7163b410e0f98eff15b6888c92
sections/shipping-and-return.liquid:
  development: 2017-10-10T23:49:39-04:00   aedf25be5f24d2c6d2038e83d617fb52
sections/terms-and-conditions.liquid:
  development: 2017-10-10T23:49:39-04:00   ed6556bc790fff36d41b140aadf8e1d2
snippets/addthis.liquid:
  development: 2017-10-10T23:49:50-04:00   1994643bf0b54d1019d310f2e23e2a82
snippets/ajax-cart-template.liquid:
  development: 2017-10-10T23:49:50-04:00   e6fa15367ab47a164d9dc8e47353c684
snippets/ajaxify-cart.liquid:
  development: 2017-10-10T23:49:51-04:00   b906c8439471b442fa3d3d4d7e10ce7b
snippets/bgset.liquid:
  development: 2017-10-10T23:49:51-04:00   ebbf57a1dc8eb7dc1ac6f5aedc0fd92a
snippets/collection-grid-item.liquid:
  development: 2017-10-10T23:49:51-04:00   a899efa4468858127d77857ced505b51
snippets/color-variables.liquid:
  development: 2017-10-10T23:49:51-04:00   e2a3ed130d71c8871b832eb9f639afad
snippets/comment.liquid:
  development: 2017-10-10T23:49:51-04:00   4e38722f39c2be36ed725d327959fa55
snippets/google-fonts.liquid:
  development: 2017-10-10T23:49:51-04:00   52cd48b9a0fd40f4c1c1ecb2692aea21
snippets/icon-amazon_payments.liquid:
  development: 2017-10-10T23:49:51-04:00   f1ad8ba26dd5b98117703ede5357e408
snippets/icon-american_express.liquid:
  development: 2017-10-10T23:49:51-04:00   9da829decce6867b8de60a183c94d099
snippets/icon-apple_pay.liquid:
  development: 2017-10-10T23:49:51-04:00   e82e7acc46479ea2173926f8fad55db0
snippets/icon-arrow-left.liquid:
  development: 2017-10-10T23:49:51-04:00   5abf8c4c69967103f685014dcc88a6e7
snippets/icon-arrow-right.liquid:
  development: 2017-10-10T23:49:51-04:00   45f24673c43655e9275d1ba99d814374
snippets/icon-bitcoin.liquid:
  development: 2017-10-10T23:49:51-04:00   d8cb31e0401818c1cb852348b6f27420
snippets/icon-cart.liquid:
  development: 2017-10-10T23:49:51-04:00   c9de61c7db365e0090f7ca5423b633e6
snippets/icon-chevron-down.liquid:
  development: 2017-10-10T23:49:51-04:00   7d3a8cd08370aa9d2a88ae542446a181
snippets/icon-chevron-left.liquid:
  development: 2017-10-10T23:49:51-04:00   6290d56c32e8ac47abe4a4f4d90ed032
snippets/icon-chevron-right.liquid:
  development: 2017-10-10T23:49:51-04:00   41842e53e7b826a0d260e2ccffbfdab1
snippets/icon-chevron-up.liquid:
  development: 2017-10-10T23:49:51-04:00   4df1e02c8789418fc53d48e2913daf49
snippets/icon-cirrus.liquid:
  development: 2017-10-10T23:49:51-04:00   fcbd6ce7e38d7946c921c8ed6ad5ca71
snippets/icon-close.liquid:
  development: 2017-10-10T23:49:51-04:00   a04fce17a63e760b9bce76768ee29feb
snippets/icon-dankort.liquid:
  development: 2017-10-10T23:49:51-04:00   796e1e822b3e46784d303b48c9db5b29
snippets/icon-diners_club.liquid:
  development: 2017-10-10T23:49:51-04:00   cf70ea54486bb14c286264f90dab9ff8
snippets/icon-discover.liquid:
  development: 2017-10-10T23:49:51-04:00   b43221b39bc3df37f7e6c7810d3e54d8
snippets/icon-dogecoin.liquid:
  development: 2017-10-10T23:49:51-04:00   6a35f5db9eb93d1ed563c6989ff30798
snippets/icon-dwolla.liquid:
  development: 2017-10-10T23:49:52-04:00   aeb86f67aad84adaf7635d2043cb89a9
snippets/icon-facebook.liquid:
  development: 2017-10-10T23:49:52-04:00   334588042b292f2d7335fd2791c35eca
snippets/icon-forbrugsforeningen.liquid:
  development: 2017-10-10T23:49:52-04:00   ff962a94f23046340766c215b0f14a52
snippets/icon-hamburger.liquid:
  development: 2017-10-10T23:49:52-04:00   559577e06ff14924311cfe2642e8b765
snippets/icon-instagram.liquid:
  development: 2017-10-10T23:49:52-04:00   bf50214819f6e2a5f053593e2414526d
snippets/icon-interac.liquid:
  development: 2017-10-10T23:49:52-04:00   24c4d22a98c0574c32fc02fe39e34b80
snippets/icon-jcb.liquid:
  development: 2017-10-10T23:49:52-04:00   275259ce80a1b368d0e5afcf7d6bb6f3
snippets/icon-laser.liquid:
  development: 2017-10-10T23:49:52-04:00   bd1a0ecfe958b6a6e84bf80e0669a6da
snippets/icon-litecoin.liquid:
  development: 2017-10-10T23:49:52-04:00   051dfcb36fa17b532a087b12f0a49e0e
snippets/icon-lock.liquid:
  development: 2017-10-10T23:49:52-04:00   60ae7ba03d14efa582faed8855821a58
snippets/icon-login.liquid:
  development: 2017-10-10T23:49:52-04:00   9a74bdaac402576390ca1dbdc9e7869c
snippets/icon-maestro.liquid:
  development: 2017-10-10T23:49:52-04:00   b987e558ecad607661489939ec8ca524
snippets/icon-master.liquid:
  development: 2017-10-10T23:49:52-04:00   7be93970b63c2fd0e2b319a35c00a9d7
snippets/icon-minus.liquid:
  development: 2017-10-10T23:49:52-04:00   78c513424d498299e865f8a242823ad0
snippets/icon-pause.liquid:
  development: 2017-10-10T23:49:52-04:00   99e785a63af3ab0a7ccd9c5551ea8910
snippets/icon-paypal.liquid:
  development: 2017-10-10T23:49:52-04:00   1b0d7db160b229b8519cccf2514ee676
snippets/icon-pinterest.liquid:
  development: 2017-10-10T23:49:52-04:00   701f2a785b3fa83d63e3ab54af060031
snippets/icon-play-video.liquid:
  development: 2017-10-10T23:49:52-04:00   f0b736a271f33b83b319b2d04e61aa2b
snippets/icon-play.liquid:
  development: 2017-10-10T23:49:52-04:00   31ff2901a9fd0f32ebc4c05748e7aa5d
snippets/icon-plus.liquid:
  development: 2017-10-10T23:49:52-04:00   ba5297f64eb7ea97f1785e8166e11231
snippets/icon-quote.liquid:
  development: 2017-10-10T23:49:53-04:00   e710949f7a142dfc3c4fac15c33bb2fa
snippets/icon-rss.liquid:
  development: 2017-10-10T23:49:53-04:00   6493d6bcb850513a55823d4ff62b0f8b
snippets/icon-search.liquid:
  development: 2017-10-10T23:49:53-04:00   7a6bf8d43770ed3a16cb22001718b87e
snippets/icon-shopify-logo.liquid:
  development: 2017-10-10T23:49:53-04:00   3f0b70f9e01be5b25507d25a732ecde7
snippets/icon-snapchat.liquid:
  development: 2017-10-10T23:49:53-04:00   9ed6937e3232c9034976be2b8ed9f673
snippets/icon-stripe.liquid:
  development: 2017-10-10T23:49:53-04:00   208713954dff9de98f800df59763615d
snippets/icon-tumblr.liquid:
  development: 2017-10-10T23:49:53-04:00   d71a4ada77a8a9b6bd792bdafef393de
snippets/icon-twitter.liquid:
  development: 2017-10-10T23:49:53-04:00   24047c22697a23a0baabf2804adc6c11
snippets/icon-vimeo.liquid:
  development: 2017-10-10T23:49:53-04:00   a229ed8a1a81e6ef95ad621f8a34efb6
snippets/icon-visa.liquid:
  development: 2017-10-10T23:49:53-04:00   9098533cd59e385d2672f6d8b7fa4b04
snippets/icon-youtube.liquid:
  development: 2017-10-10T23:49:53-04:00   9d72c5bc3eaa14a3e7aefd921881b1ae
snippets/image-style.liquid:
  development: 2017-10-10T23:49:53-04:00   f5ca6dfba80b9772d82d673467632f3c
snippets/no-blocks.liquid:
  development: 2017-10-10T23:49:53-04:00   8a329ce11a60bc47f8d3f877279e9a80
snippets/pagination.liquid:
  development: 2017-10-10T23:49:53-04:00   f3106d57affe2f8d0015884a5eabfed3
snippets/product-card-grid.liquid:
  development: 2017-10-10T23:49:53-04:00   cdd83edf42d18deb31075724869811ad
snippets/product-card-list.liquid:
  development: 2017-10-10T23:49:53-04:00   a9018c976893214117c02f04fd2c3f7c
snippets/product-price.liquid:
  development: 2017-10-10T23:49:53-04:00   41d19bc77a984085012480d270bf27f9
snippets/search-form.liquid:
  development: 2017-10-10T23:49:53-04:00   4c81bc53a12358591e4950f186825623
snippets/site-nav.liquid:
  development: 2017-10-10T23:49:53-04:00   dc1d044d3969938c08a3c017a0f590b0
snippets/social-meta-tags.liquid:
  development: 2017-10-10T23:49:53-04:00   a72ccd3d41f54cd16dc13433f75a72fe
snippets/social-sharing.liquid:
  development: 2017-10-10T23:49:54-04:00   a475db08f006e6e44b7dcff2bf302988
templates/404.liquid:
  development: 2017-10-10T23:49:54-04:00   805b16263cdf5c85be9c507ad6b03623
templates/article.liquid:
  development: 2017-10-10T23:49:54-04:00   f2d8970d80f929f833c6ac18ab19462e
templates/blog.liquid:
  development: 2017-10-10T23:49:54-04:00   2d9763b480fe6879080163b1e0e33e54
templates/blog.recent-and-categories.liquid:
  development: 2017-10-10T23:49:54-04:00   ffa6964360df603f3326f81d5dcc565d
templates/cart.liquid:
  development: 2017-10-10T23:49:54-04:00   b4492aaec5107d4879df8a1792629750
templates/collection.liquid:
  development: 2017-10-10T23:49:54-04:00   5db0256874fca1cc72a6f068888fe095
templates/customers/account.liquid:
  development: 2017-10-16T19:12:55-04:00   46c73a3befbe34d5f55587f422856dc6
templates/customers/activate_account.liquid:
  development: 2017-10-10T23:49:54-04:00   857243216dbada72fb0fc9bc256da757
templates/customers/addresses.liquid:
  development: 2017-10-10T23:49:54-04:00   f430f4d7180c00a1e2c058124c26c0e9
templates/customers/login.liquid:
  development: 2017-10-10T23:49:54-04:00   aef8ccbc00c257d1bccdf36c36e42269
templates/customers/order.liquid:
  development: 2017-10-10T23:49:54-04:00   e6fc7179a5a3904781b3847d8ef8c0f7
templates/customers/register.liquid:
  development: 2017-10-10T23:49:54-04:00   f24402b85dc6ed348d891665dfaf0841
templates/customers/reset_password.liquid:
  development: 2017-10-16T19:12:52-04:00   f15c309319ef8c3a2c2d5cbaa0f64ab8
templates/gift_card.liquid:
  development: 2017-10-10T23:49:54-04:00   746bbea7dc4e244df4f43a48fccb4bc3
templates/index.liquid:
  development: 2017-10-10T23:49:54-04:00   56b51b6f96394db4b17c64b43e1c0010
templates/list-collections.liquid:
  development: 2017-10-10T23:49:54-04:00   d42f6d6957169811896f646709d353d9
templates/page.about.liquid:
  development: 2017-10-10T23:49:54-04:00   dad569db4815027de1dbc4eab79d07ef
templates/page.contact.liquid:
  development: 2017-10-19T01:20:27-04:00   dce73fc9c6234a2fa3b5d7084a748903
templates/page.liquid:
  development: 2017-10-19T01:14:05-04:00   95d60161df44c54af5a2a3e0e9706565
templates/page.lookbook.liquid:
  development: 2017-10-10T23:49:54-04:00   94ba737095c37818fd41f6636123eba5
templates/password.liquid:
  development: 2017-10-10T23:49:55-04:00   907f683cb6c52199efff0cc7937b3304
templates/product.liquid:
  development: 2017-10-10T23:49:55-04:00   104c9411752892755502b61349a31329
templates/search.liquid:
  development: 2017-10-10T23:49:55-04:00   6e8bfd01622f992bf20c908bfb83337d
